
Microsoft Visual Studio Solution File, Format Version 12.00
# Visual Studio Version 17
VisualStudioVersion = 17.7.34221.43
MinimumVisualStudioVersion = 10.0.40219.1
Project("{FAE04EC0-301F-11D3-BF4B-00C04F79EFBC}") = "Practica 4.0", "Practica 4.0.csproj", "{4733CB67-295A-4018-8F4C-AEE0700014FC}"
EndProject
Global
	GlobalSection(SolutionConfigurationPlatforms) = preSolution
		Debug|Any CPU = Debug|Any CPU
		Release|Any CPU = Release|Any CPU
	EndGlobalSection
	GlobalSection(ProjectConfigurationPlatforms) = postSolution
		{4733CB67-295A-4018-8F4C-AEE0700014FC}.Debug|Any CPU.ActiveCfg = Debug|Any CPU
		{4733CB67-295A-4018-8F4C-AEE0700014FC}.Debug|Any CPU.Build.0 = Debug|Any CPU
		{4733CB67-295A-4018-8F4C-AEE0700014FC}.Release|Any CPU.ActiveCfg = Release|Any CPU
		{4733CB67-295A-4018-8F4C-AEE0700014FC}.Release|Any CPU.Build.0 = Release|Any CPU
	EndGlobalSection
	GlobalSection(SolutionProperties) = preSolution
		HideSolutionNode = FALSE
	EndGlobalSection
	GlobalSection(ExtensibilityGlobals) = postSolution
		SolutionGuid = {23DF6FCC-4D5E-4F80-8B84-181580F7DD78}
	EndGlobalSection
EndGlobal
